// !$*UTF8*$!
{
	archiveVersion = 1;
	classes = {};
	objectVersion = 77;
	objects = {

/* Begin PBXBuildFile section */
		A10000000000000000000001 /* UITestHost.swift in Sources */ = {isa = PBXBuildFile; fileRef = A20000000000000000000001 /* UITestHost.swift */; };
		A10000000000000000000002 /* DaylineUITests.swift in Sources */ = {isa = PBXBuildFile; fileRef = A20000000000000000000002 /* DaylineUITests.swift */; };
/* End PBXBuildFile section */

/* Begin PBXContainerItemProxy section */
		A30000000000000000000001 /* PBXContainerItemProxy */ = {
			isa = PBXContainerItemProxy;
			containerPortal = A90000000000000000000001 /* Project object */;
			proxyType = 1;
			remoteGlobalIDString = A60000000000000000000001;
			remoteInfo = DaylineUITestHost;
		};
/* End PBXContainerItemProxy section */

/* Begin PBXFileReference section */
		A20000000000000000000001 /* UITestHost.swift */ = {isa = PBXFileReference; lastKnownFileType = sourcecode.swift; path = UITestHost.swift; sourceTree = "<group>"; };
		A20000000000000000000002 /* DaylineUITests.swift */ = {isa = PBXFileReference; lastKnownFileType = sourcecode.swift; path = DaylineUITests.swift; sourceTree = "<group>"; };
		A20000000000000000000003 /* DaylineUITestHost.app */ = {isa = PBXFileReference; explicitFileType = wrapper.application; includeInIndex = 0; path = DaylineUITestHost.app; sourceTree = BUILT_PRODUCTS_DIR; };
		A20000000000000000000004 /* DaylineUITests.xctest */ = {isa = PBXFileReference; explicitFileType = wrapper.cfbundle; includeInIndex = 0; path = DaylineUITests.xctest; sourceTree = BUILT_PRODUCTS_DIR; };
/* End PBXFileReference section */

/* Begin PBXFrameworksBuildPhase section */
		A40000000000000000000001 /* Frameworks */ = {isa = PBXFrameworksBuildPhase; buildActionMask = 2147483647; files = (); runOnlyForDeploymentPostprocessing = 0; };
		A40000000000000000000002 /* Frameworks */ = {isa = PBXFrameworksBuildPhase; buildActionMask = 2147483647; files = (); runOnlyForDeploymentPostprocessing = 0; };
/* End PBXFrameworksBuildPhase section */

/* Begin PBXGroup section */
		A50000000000000000000001 = {
			isa = PBXGroup;
			children = (
				A50000000000000000000002 /* UITestHost */,
				A50000000000000000000003 /* DaylineUITests */,
				A50000000000000000000004 /* Products */,
			);
			sourceTree = "<group>";
		};
		A50000000000000000000002 /* UITestHost */ = {isa = PBXGroup; children = (A20000000000000000000001 /* UITestHost.swift */,); path = UITestHost; sourceTree = "<group>"; };
		A50000000000000000000003 /* DaylineUITests */ = {isa = PBXGroup; children = (A20000000000000000000002 /* DaylineUITests.swift */,); path = DaylineUITests; sourceTree = "<group>"; };
		A50000000000000000000004 /* Products */ = {isa = PBXGroup; children = (A20000000000000000000003 /* DaylineUITestHost.app */, A20000000000000000000004 /* DaylineUITests.xctest */,); name = Products; sourceTree = "<group>"; };
/* End PBXGroup section */

/* Begin PBXNativeTarget section */
		A60000000000000000000001 /* DaylineUITestHost */ = {
			isa = PBXNativeTarget;
			buildConfigurationList = A70000000000000000000001 /* Build configuration list for PBXNativeTarget "DaylineUITestHost" */;
			buildPhases = (A80000000000000000000001 /* Sources */, A40000000000000000000001 /* Frameworks */, A80000000000000000000003 /* Resources */,);
			buildRules = ();
			dependencies = ();
			name = DaylineUITestHost;
			productName = DaylineUITestHost;
			productReference = A20000000000000000000003 /* DaylineUITestHost.app */;
			productType = "com.apple.product-type.application";
		};
		A60000000000000000000002 /* DaylineUITests */ = {
			isa = PBXNativeTarget;
			buildConfigurationList = A70000000000000000000002 /* Build configuration list for PBXNativeTarget "DaylineUITests" */;
			buildPhases = (A80000000000000000000002 /* Sources */, A40000000000000000000002 /* Frameworks */, A80000000000000000000004 /* Resources */,);
			buildRules = ();
			dependencies = (A30000000000000000000002 /* PBXTargetDependency */,);
			name = DaylineUITests;
			productName = DaylineUITests;
			productReference = A20000000000000000000004 /* DaylineUITests.xctest */;
			productType = "com.apple.product-type.bundle.ui-testing";
		};
/* End PBXNativeTarget section */

/* Begin PBXProject section */
		A90000000000000000000001 /* Project object */ = {
			isa = PBXProject;
			attributes = {BuildIndependentTargetsInParallel = 1; LastSwiftUpdateCheck = 2700; LastUpgradeCheck = 2700; TargetAttributes = {A60000000000000000000001 = {CreatedOnToolsVersion = 27.0; }; A60000000000000000000002 = {CreatedOnToolsVersion = 27.0; TestTargetID = A60000000000000000000001; };};};
			buildConfigurationList = A70000000000000000000003 /* Build configuration list for PBXProject "DaylineUITests" */;
			compatibilityVersion = "Xcode 16.0";
			developmentRegion = en;
			hasScannedForEncodings = 0;
			knownRegions = (en, Base,);
			mainGroup = A50000000000000000000001;
			productRefGroup = A50000000000000000000004 /* Products */;
			projectDirPath = "";
			projectRoot = "";
			targets = (A60000000000000000000001 /* DaylineUITestHost */, A60000000000000000000002 /* DaylineUITests */,);
		};
/* End PBXProject section */

/* Begin PBXResourcesBuildPhase section */
		A80000000000000000000003 /* Resources */ = {isa = PBXResourcesBuildPhase; buildActionMask = 2147483647; files = (); runOnlyForDeploymentPostprocessing = 0; };
		A80000000000000000000004 /* Resources */ = {isa = PBXResourcesBuildPhase; buildActionMask = 2147483647; files = (); runOnlyForDeploymentPostprocessing = 0; };
/* End PBXResourcesBuildPhase section */

/* Begin PBXSourcesBuildPhase section */
		A80000000000000000000001 /* Sources */ = {isa = PBXSourcesBuildPhase; buildActionMask = 2147483647; files = (A10000000000000000000001 /* UITestHost.swift in Sources */,); runOnlyForDeploymentPostprocessing = 0; };
		A80000000000000000000002 /* Sources */ = {isa = PBXSourcesBuildPhase; buildActionMask = 2147483647; files = (A10000000000000000000002 /* DaylineUITests.swift in Sources */,); runOnlyForDeploymentPostprocessing = 0; };
/* End PBXSourcesBuildPhase section */

/* Begin PBXTargetDependency section */
		A30000000000000000000002 /* PBXTargetDependency */ = {isa = PBXTargetDependency; target = A60000000000000000000001 /* DaylineUITestHost */; targetProxy = A30000000000000000000001 /* PBXContainerItemProxy */; };
/* End PBXTargetDependency section */

/* Begin XCBuildConfiguration section */
		B10000000000000000000001 /* Debug */ = {isa = XCBuildConfiguration; buildSettings = {GENERATE_INFOPLIST_FILE = YES; INFOPLIST_KEY_LSUIElement = YES; MACOSX_DEPLOYMENT_TARGET = 26.0; PRODUCT_BUNDLE_IDENTIFIER = build.local.DaylineUITestHost; PRODUCT_NAME = "$(TARGET_NAME)"; SWIFT_VERSION = 5.0;}; name = Debug; };
		B10000000000000000000002 /* Release */ = {isa = XCBuildConfiguration; buildSettings = {GENERATE_INFOPLIST_FILE = YES; INFOPLIST_KEY_LSUIElement = YES; MACOSX_DEPLOYMENT_TARGET = 26.0; PRODUCT_BUNDLE_IDENTIFIER = build.local.DaylineUITestHost; PRODUCT_NAME = "$(TARGET_NAME)"; SWIFT_VERSION = 5.0;}; name = Release; };
		B10000000000000000000003 /* Debug */ = {isa = XCBuildConfiguration; buildSettings = {GENERATE_INFOPLIST_FILE = YES; MACOSX_DEPLOYMENT_TARGET = 26.0; PRODUCT_BUNDLE_IDENTIFIER = build.local.DaylineUITests; PRODUCT_NAME = "$(TARGET_NAME)"; SWIFT_VERSION = 5.0; TEST_TARGET_NAME = DaylineUITestHost;}; name = Debug; };
		B10000000000000000000004 /* Release */ = {isa = XCBuildConfiguration; buildSettings = {GENERATE_INFOPLIST_FILE = YES; MACOSX_DEPLOYMENT_TARGET = 26.0; PRODUCT_BUNDLE_IDENTIFIER = build.local.DaylineUITests; PRODUCT_NAME = "$(TARGET_NAME)"; SWIFT_VERSION = 5.0; TEST_TARGET_NAME = DaylineUITestHost;}; name = Release; };
		B10000000000000000000005 /* Debug */ = {isa = XCBuildConfiguration; buildSettings = {CLANG_ENABLE_MODULES = YES; MACOSX_DEPLOYMENT_TARGET = 26.0; ONLY_ACTIVE_ARCH = YES; SDKROOT = macosx; SWIFT_ACTIVE_COMPILATION_CONDITIONS = DEBUG; SWIFT_OPTIMIZATION_LEVEL = "-Onone";}; name = Debug; };
		B10000000000000000000006 /* Release */ = {isa = XCBuildConfiguration; buildSettings = {CLANG_ENABLE_MODULES = YES; MACOSX_DEPLOYMENT_TARGET = 26.0; SDKROOT = macosx; SWIFT_COMPILATION_MODE = wholemodule;}; name = Release; };
/* End XCBuildConfiguration section */

/* Begin XCConfigurationList section */
		A70000000000000000000001 /* Build configuration list for PBXNativeTarget "DaylineUITestHost" */ = {isa = XCConfigurationList; buildConfigurations = (B10000000000000000000001 /* Debug */, B10000000000000000000002 /* Release */,); defaultConfigurationIsVisible = 0; defaultConfigurationName = Release; };
		A70000000000000000000002 /* Build configuration list for PBXNativeTarget "DaylineUITests" */ = {isa = XCConfigurationList; buildConfigurations = (B10000000000000000000003 /* Debug */, B10000000000000000000004 /* Release */,); defaultConfigurationIsVisible = 0; defaultConfigurationName = Release; };
		A70000000000000000000003 /* Build configuration list for PBXProject "DaylineUITests" */ = {isa = XCConfigurationList; buildConfigurations = (B10000000000000000000005 /* Debug */, B10000000000000000000006 /* Release */,); defaultConfigurationIsVisible = 0; defaultConfigurationName = Release; };
/* End XCConfigurationList section */
	};
	rootObject = A90000000000000000000001 /* Project object */;
}
